
Microsoft Visual Studio Solution File, Format Version 12.00
# Visual Studio Version 17
VisualStudioVersion = 17.5.33502.453
MinimumVisualStudioVersion = 10.0.40219.1
Project("{FAE04EC0-301F-11D3-BF4B-00C04F79EFBC}") = "IdleCalc", "IdleCalc\IdleCalc.csproj", "{DE524A32-0D91-4CCF-93EC-B3C34CB40FBB}"
EndProject
Global
	GlobalSection(SolutionConfigurationPlatforms) = preSolution
		Debug|Any CPU = Debug|Any CPU
		Release|Any CPU = Release|Any CPU
	EndGlobalSection
	GlobalSection(ProjectConfigurationPlatforms) = postSolution
		{DE524A32-0D91-4CCF-93EC-B3C34CB40FBB}.Debug|Any CPU.ActiveCfg = Debug|Any CPU
		{DE524A32-0D91-4CCF-93EC-B3C34CB40FBB}.Debug|Any CPU.Build.0 = Debug|Any CPU
		{DE524A32-0D91-4CCF-93EC-B3C34CB40FBB}.Release|Any CPU.ActiveCfg = Release|Any CPU
		{DE524A32-0D91-4CCF-93EC-B3C34CB40FBB}.Release|Any CPU.Build.0 = Release|Any CPU
	EndGlobalSection
	GlobalSection(SolutionProperties) = preSolution
		HideSolutionNode = FALSE
	EndGlobalSection
	GlobalSection(ExtensibilityGlobals) = postSolution
		SolutionGuid = {0090086F-ECB3-439B-9625-32F11F49A5A7}
	EndGlobalSection
EndGlobal
